
Microsoft Visual Studio Solution File, Format Version 12.00
# Visual Studio 14
VisualStudioVersion = 14.0.25420.1
MinimumVisualStudioVersion = 10.0.40219.1
Project("{2150E333-8FDC-42A3-9474-1A3956D46DE8}") = "Libraries", "Libraries", "{1D6FBF74-0C77-40DE-9D29-E06F7A05B1A4}"
EndProject
Project("{FAE04EC0-301F-11D3-BF4B-00C04F79EFBC}") = "Wl.Wish", "Wl.Wish\Wl.Wish.csproj", "{3627B35A-1194-4E67-8B4F-53904B495B5F}"
EndProject
Project("{FAE04EC0-301F-11D3-BF4B-00C04F79EFBC}") = "Wl.WebSocket", "Wl.WebSocket\Wl.WebSocket.csproj", "{C2BB8632-A79F-4809-BE1E-AE4AE800A8C9}"
EndProject
Project("{FAE04EC0-301F-11D3-BF4B-00C04F79EFBC}") = "Wl.Wish.Open", "Wl.Wish.Open\Wl.Wish.Open.csproj", "{AFA5FD68-4504-4106-BAEF-42BF8B5688C2}"
EndProject
Project("{2150E333-8FDC-42A3-9474-1A3956D46DE8}") = "Tests", "Tests", "{B332A848-6E50-4A96-94CC-035CFEB7A13C}"
EndProject
Project("{FAE04EC0-301F-11D3-BF4B-00C04F79EFBC}") = "Wl.Wish.Open.Test", "Wl.Wish.Open.Test\Wl.Wish.Open.Test.csproj", "{80E05522-5BC7-4A29-ABBD-2862E5219962}"
EndProject
Project("{FAE04EC0-301F-11D3-BF4B-00C04F79EFBC}") = "Wl.Wish.Product", "Wl.Wish.Product\Wl.Wish.Product.csproj", "{765A262B-5434-4E79-8844-F12DE194FF4E}"
EndProject
Project("{FAE04EC0-301F-11D3-BF4B-00C04F79EFBC}") = "Wl.Wish.Test", "Wl.Wish.Test\Wl.Wish.Test.csproj", "{A66C83F8-F1C7-4313-8609-0CA1AF2DAA24}"
EndProject
Project("{FAE04EC0-301F-11D3-BF4B-00C04F79EFBC}") = "Wl.Wish.Product.Test", "Wl.Wish.Product.Test\Wl.Wish.Product.Test.csproj", "{EABCB089-3D68-4C7D-8C6F-9BF6849D1EA1}"
EndProject
Global
	GlobalSection(SolutionConfigurationPlatforms) = preSolution
		Debug|Any CPU = Debug|Any CPU
		Release|Any CPU = Release|Any CPU
	EndGlobalSection
	GlobalSection(ProjectConfigurationPlatforms) = postSolution
		{3627B35A-1194-4E67-8B4F-53904B495B5F}.Debug|Any CPU.ActiveCfg = Release|Any CPU
		{3627B35A-1194-4E67-8B4F-53904B495B5F}.Debug|Any CPU.Build.0 = Release|Any CPU
		{3627B35A-1194-4E67-8B4F-53904B495B5F}.Release|Any CPU.ActiveCfg = Release|Any CPU
		{3627B35A-1194-4E67-8B4F-53904B495B5F}.Release|Any CPU.Build.0 = Release|Any CPU
		{C2BB8632-A79F-4809-BE1E-AE4AE800A8C9}.Debug|Any CPU.ActiveCfg = Release|Any CPU
		{C2BB8632-A79F-4809-BE1E-AE4AE800A8C9}.Debug|Any CPU.Build.0 = Release|Any CPU
		{C2BB8632-A79F-4809-BE1E-AE4AE800A8C9}.Release|Any CPU.ActiveCfg = Release|Any CPU
		{C2BB8632-A79F-4809-BE1E-AE4AE800A8C9}.Release|Any CPU.Build.0 = Release|Any CPU
		{AFA5FD68-4504-4106-BAEF-42BF8B5688C2}.Debug|Any CPU.ActiveCfg = Release|Any CPU
		{AFA5FD68-4504-4106-BAEF-42BF8B5688C2}.Debug|Any CPU.Build.0 = Release|Any CPU
		{AFA5FD68-4504-4106-BAEF-42BF8B5688C2}.Release|Any CPU.ActiveCfg = Release|Any CPU
		{AFA5FD68-4504-4106-BAEF-42BF8B5688C2}.Release|Any CPU.Build.0 = Release|Any CPU
		{80E05522-5BC7-4A29-ABBD-2862E5219962}.Debug|Any CPU.ActiveCfg = Debug|Any CPU
		{80E05522-5BC7-4A29-ABBD-2862E5219962}.Debug|Any CPU.Build.0 = Debug|Any CPU
		{80E05522-5BC7-4A29-ABBD-2862E5219962}.Release|Any CPU.ActiveCfg = Release|Any CPU
		{80E05522-5BC7-4A29-ABBD-2862E5219962}.Release|Any CPU.Build.0 = Release|Any CPU
		{765A262B-5434-4E79-8844-F12DE194FF4E}.Debug|Any CPU.ActiveCfg = Release|Any CPU
		{765A262B-5434-4E79-8844-F12DE194FF4E}.Debug|Any CPU.Build.0 = Release|Any CPU
		{765A262B-5434-4E79-8844-F12DE194FF4E}.Release|Any CPU.ActiveCfg = Release|Any CPU
		{765A262B-5434-4E79-8844-F12DE194FF4E}.Release|Any CPU.Build.0 = Release|Any CPU
		{A66C83F8-F1C7-4313-8609-0CA1AF2DAA24}.Debug|Any CPU.ActiveCfg = Debug|Any CPU
		{A66C83F8-F1C7-4313-8609-0CA1AF2DAA24}.Debug|Any CPU.Build.0 = Debug|Any CPU
		{A66C83F8-F1C7-4313-8609-0CA1AF2DAA24}.Release|Any CPU.ActiveCfg = Release|Any CPU
		{A66C83F8-F1C7-4313-8609-0CA1AF2DAA24}.Release|Any CPU.Build.0 = Release|Any CPU
		{EABCB089-3D68-4C7D-8C6F-9BF6849D1EA1}.Debug|Any CPU.ActiveCfg = Debug|Any CPU
		{EABCB089-3D68-4C7D-8C6F-9BF6849D1EA1}.Debug|Any CPU.Build.0 = Debug|Any CPU
		{EABCB089-3D68-4C7D-8C6F-9BF6849D1EA1}.Release|Any CPU.ActiveCfg = Release|Any CPU
		{EABCB089-3D68-4C7D-8C6F-9BF6849D1EA1}.Release|Any CPU.Build.0 = Release|Any CPU
	EndGlobalSection
	GlobalSection(SolutionProperties) = preSolution
		HideSolutionNode = FALSE
	EndGlobalSection
	GlobalSection(NestedProjects) = preSolution
		{3627B35A-1194-4E67-8B4F-53904B495B5F} = {1D6FBF74-0C77-40DE-9D29-E06F7A05B1A4}
		{C2BB8632-A79F-4809-BE1E-AE4AE800A8C9} = {1D6FBF74-0C77-40DE-9D29-E06F7A05B1A4}
		{AFA5FD68-4504-4106-BAEF-42BF8B5688C2} = {1D6FBF74-0C77-40DE-9D29-E06F7A05B1A4}
		{80E05522-5BC7-4A29-ABBD-2862E5219962} = {B332A848-6E50-4A96-94CC-035CFEB7A13C}
		{765A262B-5434-4E79-8844-F12DE194FF4E} = {1D6FBF74-0C77-40DE-9D29-E06F7A05B1A4}
		{A66C83F8-F1C7-4313-8609-0CA1AF2DAA24} = {B332A848-6E50-4A96-94CC-035CFEB7A13C}
		{EABCB089-3D68-4C7D-8C6F-9BF6849D1EA1} = {B332A848-6E50-4A96-94CC-035CFEB7A13C}
	EndGlobalSection
EndGlobal
